# Code generated by scarb DO NOT EDIT.
version = 1

[[package]]
name = "seraphlabs"
version = "0.4.1"
source = "git+https://github.com/Seraph-Labs/Cairo-Contracts.git?branch=release-v0.4.1#cafad23fae3b2335f68080e17038b457ca26bdac"

[[package]]
name = "souk"
version = "0.1.0"
source = "git+https://github.com/Seraph-Labs/Souk-Libs.git?branch=release-v0.1.0#3eaf5be6f75cb0f58f50d8037dcca23757999855"
dependencies = [
 "seraphlabs",
]

[[package]]
name = "starkpill"
version = "0.1.0"
dependencies = [
 "seraphlabs",
 "souk",
]
