# Code generated by scarb DO NOT EDIT.
version = 1

[[package]]
name = "seraphlabs"
version = "0.4.1"
source = "git+https://github.com/Seraph-Labs/Cairo-Contracts.git?branch=release-v0.4.1#ab91ed216d06bd58993b1e9ce43d5682c0cb2714"

[[package]]
name = "souk"
version = "0.1.0"
source = "git+https://github.com/Seraph-Labs/Souk-Libs.git?branch=release-v0.1.0#fa60c3b2f4a22699c26d14c215e7c8d664269846"
dependencies = [
 "seraphlabs",
]

[[package]]
name = "starkpill"
version = "0.1.0"
dependencies = [
 "seraphlabs",
 "souk",
]
